
Microsoft Visual Studio Solution File, Format Version 11.00
# Visual Studio 2010
Project("{FAE04EC0-301F-11D3-BF4B-00C04F79EFBC}") = "atm", "atm\atm.csproj", "{C2533DC8-1693-4543-A29A-1982D4F02C4C}"
EndProject
Global
	GlobalSection(SolutionConfigurationPlatforms) = preSolution
		Debug|Any CPU = Debug|Any CPU
		Release|Any CPU = Release|Any CPU
	EndGlobalSection
	GlobalSection(ProjectConfigurationPlatforms) = postSolution
		{C2533DC8-1693-4543-A29A-1982D4F02C4C}.Debug|Any CPU.ActiveCfg = Debug|Any CPU
		{C2533DC8-1693-4543-A29A-1982D4F02C4C}.Debug|Any CPU.Build.0 = Debug|Any CPU
		{C2533DC8-1693-4543-A29A-1982D4F02C4C}.Release|Any CPU.ActiveCfg = Release|Any CPU
		{C2533DC8-1693-4543-A29A-1982D4F02C4C}.Release|Any CPU.Build.0 = Release|Any CPU
	EndGlobalSection
	GlobalSection(SolutionProperties) = preSolution
		HideSolutionNode = FALSE
	EndGlobalSection
EndGlobal
